// !$*UTF8*$!
{
	archiveVersion = 1;
	classes = {
	};
	objectVersion = 48;
	objects = {

/* Begin PBXBuildFile section */
		DC3600311F9EC4B70026A0BB /* NoteTableViewController.swift in Sources */ = {isa = PBXBuildFile; fileRef = DC3600301F9EC4B70026A0BB /* NoteTableViewController.swift */; };
		DCBDBCD91F9EB27B00CB509C /* AppDelegate.swift in Sources */ = {isa = PBXBuildFile; fileRef = DCBDBCD81F9EB27B00CB509C /* AppDelegate.swift */; };
		DCBDBCDB1F9EB27B00CB509C /* MasterViewController.swift in Sources */ = {isa = PBXBuildFile; fileRef = DCBDBCDA1F9EB27B00CB509C /* MasterViewController.swift */; };
		DCBDBCDD1F9EB27B00CB509C /* DetailViewController.swift in Sources */ = {isa = PBXBuildFile; fileRef = DCBDBCDC1F9EB27B00CB509C /* DetailViewController.swift */; };
		DCBDBCE01F9EB27B00CB509C /* Main.storyboard in Resources */ = {isa = PBXBuildFile; fileRef = DCBDBCDE1F9EB27B00CB509C /* Main.storyboard */; };
		DCBDBCE21F9EB27B00CB509C /* Assets.xcassets in Resources */ = {isa = PBXBuildFile; fileRef = DCBDBCE11F9EB27B00CB509C /* Assets.xcassets */; };
		DCBDBCE51F9EB27B00CB509C /* LaunchScreen.storyboard in Resources */ = {isa = PBXBuildFile; fileRef = DCBDBCE31F9EB27B00CB509C /* LaunchScreen.storyboard */; };
		DCBDBCF01F9EB27B00CB509C /* iOSMidtermTests.swift in Sources */ = {isa = PBXBuildFile; fileRef = DCBDBCEF1F9EB27B00CB509C /* iOSMidtermTests.swift */; };
		DCBDBCFB1F9EB27B00CB509C /* iOSMidtermUITests.swift in Sources */ = {isa = PBXBuildFile; fileRef = DCBDBCFA1F9EB27B00CB509C /* iOSMidtermUITests.swift */; };
		DCBDBD091F9EB30000CB509C /* Category.swift in Sources */ = {isa = PBXBuildFile; fileRef = DCBDBD081F9EB30000CB509C /* Category.swift */; };
		DCBDBD0B1F9EB30A00CB509C /* Note.swift in Sources */ = {isa = PBXBuildFile; fileRef = DCBDBD0A1F9EB30A00CB509C /* Note.swift */; };
/* End PBXBuildFile section */

/* Begin PBXContainerItemProxy section */
		DCBDBCEC1F9EB27B00CB509C /* PBXContainerItemProxy */ = {
			isa = PBXContainerItemProxy;
			containerPortal = DCBDBCCD1F9EB27B00CB509C /* Project object */;
			proxyType = 1;
			remoteGlobalIDString = DCBDBCD41F9EB27B00CB509C;
			remoteInfo = iOSMidterm;
		};
		DCBDBCF71F9EB27B00CB509C /* PBXContainerItemProxy */ = {
			isa = PBXContainerItemProxy;
			containerPortal = DCBDBCCD1F9EB27B00CB509C /* Project object */;
			proxyType = 1;
			remoteGlobalIDString = DCBDBCD41F9EB27B00CB509C;
			remoteInfo = iOSMidterm;
		};
/* End PBXContainerItemProxy section */

/* Begin PBXFileReference section */
		DC3600301F9EC4B70026A0BB /* NoteTableViewController.swift */ = {isa = PBXFileReference; lastKnownFileType = sourcecode.swift; path = NoteTableViewController.swift; sourceTree = "<group>"; };
		DCBDBCD51F9EB27B00CB509C /* iOSMidterm.app */ = {isa = PBXFileReference; explicitFileType = wrapper.application; includeInIndex = 0; path = iOSMidterm.app; sourceTree = BUILT_PRODUCTS_DIR; };
		DCBDBCD81F9EB27B00CB509C /* AppDelegate.swift */ = {isa = PBXFileReference; lastKnownFileType = sourcecode.swift; path = AppDelegate.swift; sourceTree = "<group>"; };
		DCBDBCDA1F9EB27B00CB509C /* MasterViewController.swift */ = {isa = PBXFileReference; lastKnownFileType = sourcecode.swift; path = MasterViewController.swift; sourceTree = "<group>"; };
		DCBDBCDC1F9EB27B00CB509C /* DetailViewController.swift */ = {isa = PBXFileReference; lastKnownFileType = sourcecode.swift; path = DetailViewController.swift; sourceTree = "<group>"; };
		DCBDBCDF1F9EB27B00CB509C /* Base */ = {isa = PBXFileReference; lastKnownFileType = file.storyboard; name = Base; path = Base.lproj/Main.storyboard; sourceTree = "<group>"; };
		DCBDBCE11F9EB27B00CB509C /* Assets.xcassets */ = {isa = PBXFileReference; lastKnownFileType = folder.assetcatalog; path = Assets.xcassets; sourceTree = "<group>"; };
		DCBDBCE41F9EB27B00CB509C /* Base */ = {isa = PBXFileReference; lastKnownFileType = file.storyboard; name = Base; path = Base.lproj/LaunchScreen.storyboard; sourceTree = "<group>"; };
		DCBDBCE61F9EB27B00CB509C /* Info.plist */ = {isa = PBXFileReference; lastKnownFileType = text.plist.xml; path = Info.plist; sourceTree = "<group>"; };
		DCBDBCEB1F9EB27B00CB509C /* iOSMidtermTests.xctest */ = {isa = PBXFileReference; explicitFileType = wrapper.cfbundle; includeInIndex = 0; path = iOSMidtermTests.xctest; sourceTree = BUILT_PRODUCTS_DIR; };
		DCBDBCEF1F9EB27B00CB509C /* iOSMidtermTests.swift */ = {isa = PBXFileReference; lastKnownFileType = sourcecode.swift; path = iOSMidtermTests.swift; sourceTree = "<group>"; };
		DCBDBCF11F9EB27B00CB509C /* Info.plist */ = {isa = PBXFileReference; lastKnownFileType = text.plist.xml; path = Info.plist; sourceTree = "<group>"; };
		DCBDBCF61F9EB27B00CB509C /* iOSMidtermUITests.xctest */ = {isa = PBXFileReference; explicitFileType = wrapper.cfbundle; includeInIndex = 0; path = iOSMidtermUITests.xctest; sourceTree = BUILT_PRODUCTS_DIR; };
		DCBDBCFA1F9EB27B00CB509C /* iOSMidtermUITests.swift */ = {isa = PBXFileReference; lastKnownFileType = sourcecode.swift; path = iOSMidtermUITests.swift; sourceTree = "<group>"; };
		DCBDBCFC1F9EB27B00CB509C /* Info.plist */ = {isa = PBXFileReference; lastKnownFileType = text.plist.xml; path = Info.plist; sourceTree = "<group>"; };
		DCBDBD081F9EB30000CB509C /* Category.swift */ = {isa = PBXFileReference; lastKnownFileType = sourcecode.swift; path = Category.swift; sourceTree = "<group>"; };
		DCBDBD0A1F9EB30A00CB509C /* Note.swift */ = {isa = PBXFileReference; lastKnownFileType = sourcecode.swift; path = Note.swift; sourceTree = "<group>"; };
/* End PBXFileReference section */

/* Begin PBXFrameworksBuildPhase section */
		DCBDBCD21F9EB27B00CB509C /* Frameworks */ = {
			isa = PBXFrameworksBuildPhase;
			buildActionMask = 2147483647;
			files = (
			);
			runOnlyForDeploymentPostprocessing = 0;
		};
		DCBDBCE81F9EB27B00CB509C /* Frameworks */ = {
			isa = PBXFrameworksBuildPhase;
			buildActionMask = 2147483647;
			files = (
			);
			runOnlyForDeploymentPostprocessing = 0;
		};
		DCBDBCF31F9EB27B00CB509C /* Frameworks */ = {
			isa = PBXFrameworksBuildPhase;
			buildActionMask = 2147483647;
			files = (
			);
			runOnlyForDeploymentPostprocessing = 0;
		};
/* End PBXFrameworksBuildPhase section */

/* Begin PBXGroup section */
		DCBDBCCC1F9EB27B00CB509C = {
			isa = PBXGroup;
			children = (
				DCBDBCD71F9EB27B00CB509C /* iOSMidterm */,
				DCBDBCEE1F9EB27B00CB509C /* iOSMidtermTests */,
				DCBDBCF91F9EB27B00CB509C /* iOSMidtermUITests */,
				DCBDBCD61F9EB27B00CB509C /* Products */,
			);
			sourceTree = "<group>";
		};
		DCBDBCD61F9EB27B00CB509C /* Products */ = {
			isa = PBXGroup;
			children = (
				DCBDBCD51F9EB27B00CB509C /* iOSMidterm.app */,
				DCBDBCEB1F9EB27B00CB509C /* iOSMidtermTests.xctest */,
				DCBDBCF61F9EB27B00CB509C /* iOSMidtermUITests.xctest */,
			);
			name = Products;
			sourceTree = "<group>";
		};
		DCBDBCD71F9EB27B00CB509C /* iOSMidterm */ = {
			isa = PBXGroup;
			children = (
				DCBDBCD81F9EB27B00CB509C /* AppDelegate.swift */,
				DCBDBCDA1F9EB27B00CB509C /* MasterViewController.swift */,
				DCBDBCDC1F9EB27B00CB509C /* DetailViewController.swift */,
				DC3600301F9EC4B70026A0BB /* NoteTableViewController.swift */,
				DCBDBCDE1F9EB27B00CB509C /* Main.storyboard */,
				DCBDBCE11F9EB27B00CB509C /* Assets.xcassets */,
				DCBDBCE31F9EB27B00CB509C /* LaunchScreen.storyboard */,
				DCBDBCE61F9EB27B00CB509C /* Info.plist */,
				DCBDBD081F9EB30000CB509C /* Category.swift */,
				DCBDBD0A1F9EB30A00CB509C /* Note.swift */,
			);
			path = iOSMidterm;
			sourceTree = "<group>";
		};
		DCBDBCEE1F9EB27B00CB509C /* iOSMidtermTests */ = {
			isa = PBXGroup;
			children = (
				DCBDBCEF1F9EB27B00CB509C /* iOSMidtermTests.swift */,
				DCBDBCF11F9EB27B00CB509C /* Info.plist */,
			);
			path = iOSMidtermTests;
			sourceTree = "<group>";
		};
		DCBDBCF91F9EB27B00CB509C /* iOSMidtermUITests */ = {
			isa = PBXGroup;
			children = (
				DCBDBCFA1F9EB27B00CB509C /* iOSMidtermUITests.swift */,
				DCBDBCFC1F9EB27B00CB509C /* Info.plist */,
			);
			path = iOSMidtermUITests;
			sourceTree = "<group>";
		};
/* End PBXGroup section */

/* Begin PBXNativeTarget section */
		DCBDBCD41F9EB27B00CB509C /* iOSMidterm */ = {
			isa = PBXNativeTarget;
			buildConfigurationList = DCBDBCFF1F9EB27B00CB509C /* Build configuration list for PBXNativeTarget "iOSMidterm" */;
			buildPhases = (
				DCBDBCD11F9EB27B00CB509C /* Sources */,
				DCBDBCD21F9EB27B00CB509C /* Frameworks */,
				DCBDBCD31F9EB27B00CB509C /* Resources */,
			);
			buildRules = (
			);
			dependencies = (
			);
			name = iOSMidterm;
			productName = iOSMidterm;
			productReference = DCBDBCD51F9EB27B00CB509C /* iOSMidterm.app */;
			productType = "com.apple.product-type.application";
		};
		DCBDBCEA1F9EB27B00CB509C /* iOSMidtermTests */ = {
			isa = PBXNativeTarget;
			buildConfigurationList = DCBDBD021F9EB27B00CB509C /* Build configuration list for PBXNativeTarget "iOSMidtermTests" */;
			buildPhases = (
				DCBDBCE71F9EB27B00CB509C /* Sources */,
				DCBDBCE81F9EB27B00CB509C /* Frameworks */,
				DCBDBCE91F9EB27B00CB509C /* Resources */,
			);
			buildRules = (
			);
			dependencies = (
				DCBDBCED1F9EB27B00CB509C /* PBXTargetDependency */,
			);
			name = iOSMidtermTests;
			productName = iOSMidtermTests;
			productReference = DCBDBCEB1F9EB27B00CB509C /* iOSMidtermTests.xctest */;
			productType = "com.apple.product-type.bundle.unit-test";
		};
		DCBDBCF51F9EB27B00CB509C /* iOSMidtermUITests */ = {
			isa = PBXNativeTarget;
			buildConfigurationList = DCBDBD051F9EB27B00CB509C /* Build configuration list for PBXNativeTarget "iOSMidtermUITests" */;
			buildPhases = (
				DCBDBCF21F9EB27B00CB509C /* Sources */,
				DCBDBCF31F9EB27B00CB509C /* Frameworks */,
				DCBDBCF41F9EB27B00CB509C /* Resources */,
			);
			buildRules = (
			);
			dependencies = (
				DCBDBCF81F9EB27B00CB509C /* PBXTargetDependency */,
			);
			name = iOSMidtermUITests;
			productName = iOSMidtermUITests;
			productReference = DCBDBCF61F9EB27B00CB509C /* iOSMidtermUITests.xctest */;
			productType = "com.apple.product-type.bundle.ui-testing";
		};
/* End PBXNativeTarget section */

/* Begin PBXProject section */
		DCBDBCCD1F9EB27B00CB509C /* Project object */ = {
			isa = PBXProject;
			attributes = {
				LastSwiftUpdateCheck = 0900;
				LastUpgradeCheck = 0900;
				ORGANIZATIONNAME = "Stephen Cheng";
				TargetAttributes = {
					DCBDBCD41F9EB27B00CB509C = {
						CreatedOnToolsVersion = 9.0;
						ProvisioningStyle = Automatic;
					};
					DCBDBCEA1F9EB27B00CB509C = {
						CreatedOnToolsVersion = 9.0;
						ProvisioningStyle = Automatic;
						TestTargetID = DCBDBCD41F9EB27B00CB509C;
					};
					DCBDBCF51F9EB27B00CB509C = {
						CreatedOnToolsVersion = 9.0;
						ProvisioningStyle = Automatic;
						TestTargetID = DCBDBCD41F9EB27B00CB509C;
					};
				};
			};
			buildConfigurationList = DCBDBCD01F9EB27B00CB509C /* Build configuration list for PBXProject "iOSMidterm" */;
			compatibilityVersion = "Xcode 8.0";
			developmentRegion = en;
			hasScannedForEncodings = 0;
			knownRegions = (
				en,
				Base,
			);
			mainGroup = DCBDBCCC1F9EB27B00CB509C;
			productRefGroup = DCBDBCD61F9EB27B00CB509C /* Products */;
			projectDirPath = "";
			projectRoot = "";
			targets = (
				DCBDBCD41F9EB27B00CB509C /* iOSMidterm */,
				DCBDBCEA1F9EB27B00CB509C /* iOSMidtermTests */,
				DCBDBCF51F9EB27B00CB509C /* iOSMidtermUITests */,
			);
		};
/* End PBXProject section */

/* Begin PBXResourcesBuildPhase section */
		DCBDBCD31F9EB27B00CB509C /* Resources */ = {
			isa = PBXResourcesBuildPhase;
			buildActionMask = 2147483647;
			files = (
				DCBDBCE51F9EB27B00CB509C /* LaunchScreen.storyboard in Resources */,
				DCBDBCE21F9EB27B00CB509C /* Assets.xcassets in Resources */,
				DCBDBCE01F9EB27B00CB509C /* Main.storyboard in Resources */,
			);
			runOnlyForDeploymentPostprocessing = 0;
		};
		DCBDBCE91F9EB27B00CB509C /* Resources */ = {
			isa = PBXResourcesBuildPhase;
			buildActionMask = 2147483647;
			files = (
			);
			runOnlyForDeploymentPostprocessing = 0;
		};
		DCBDBCF41F9EB27B00CB509C /* Resources */ = {
			isa = PBXResourcesBuildPhase;
			buildActionMask = 2147483647;
			files = (
			);
			runOnlyForDeploymentPostprocessing = 0;
		};
/* End PBXResourcesBuildPhase section */

/* Begin PBXSourcesBuildPhase section */
		DCBDBCD11F9EB27B00CB509C /* Sources */ = {
			isa = PBXSourcesBuildPhase;
			buildActionMask = 2147483647;
			files = (
				DCBDBD0B1F9EB30A00CB509C /* Note.swift in Sources */,
				DCBDBCDD1F9EB27B00CB509C /* DetailViewController.swift in Sources */,
				DCBDBCDB1F9EB27B00CB509C /* MasterViewController.swift in Sources */,
				DC3600311F9EC4B70026A0BB /* NoteTableViewController.swift in Sources */,
				DCBDBCD91F9EB27B00CB509C /* AppDelegate.swift in Sources */,
				DCBDBD091F9EB30000CB509C /* Category.swift in Sources */,
			);
			runOnlyForDeploymentPostprocessing = 0;
		};
		DCBDBCE71F9EB27B00CB509C /* Sources */ = {
			isa = PBXSourcesBuildPhase;
			buildActionMask = 2147483647;
			files = (
				DCBDBCF01F9EB27B00CB509C /* iOSMidtermTests.swift in Sources */,
			);
			runOnlyForDeploymentPostprocessing = 0;
		};
		DCBDBCF21F9EB27B00CB509C /* Sources */ = {
			isa = PBXSourcesBuildPhase;
			buildActionMask = 2147483647;
			files = (
				DCBDBCFB1F9EB27B00CB509C /* iOSMidtermUITests.swift in Sources */,
			);
			runOnlyForDeploymentPostprocessing = 0;
		};
/* End PBXSourcesBuildPhase section */

/* Begin PBXTargetDependency section */
		DCBDBCED1F9EB27B00CB509C /* PBXTargetDependency */ = {
			isa = PBXTargetDependency;
			target = DCBDBCD41F9EB27B00CB509C /* iOSMidterm */;
			targetProxy = DCBDBCEC1F9EB27B00CB509C /* PBXContainerItemProxy */;
		};
		DCBDBCF81F9EB27B00CB509C /* PBXTargetDependency */ = {
			isa = PBXTargetDependency;
			target = DCBDBCD41F9EB27B00CB509C /* iOSMidterm */;
			targetProxy = DCBDBCF71F9EB27B00CB509C /* PBXContainerItemProxy */;
		};
/* End PBXTargetDependency section */

/* Begin PBXVariantGroup section */
		DCBDBCDE1F9EB27B00CB509C /* Main.storyboard */ = {
			isa = PBXVariantGroup;
			children = (
				DCBDBCDF1F9EB27B00CB509C /* Base */,
			);
			name = Main.storyboard;
			sourceTree = "<group>";
		};
		DCBDBCE31F9EB27B00CB509C /* LaunchScreen.storyboard */ = {
			isa = PBXVariantGroup;
			children = (
				DCBDBCE41F9EB27B00CB509C /* Base */,
			);
			name = LaunchScreen.storyboard;
			sourceTree = "<group>";
		};
/* End PBXVariantGroup section */

/* Begin XCBuildConfiguration section */
		DCBDBCFD1F9EB27B00CB509C /* Debug */ = {
			isa = XCBuildConfiguration;
			buildSettings = {
				ALWAYS_SEARCH_USER_PATHS = NO;
				CLANG_ANALYZER_NONNULL = YES;
				CLANG_ANALYZER_NUMBER_OBJECT_CONVERSION = YES_AGGRESSIVE;
				CLANG_CXX_LANGUAGE_STANDARD = "gnu++14";
				CLANG_CXX_LIBRARY = "libc++";
				CLANG_ENABLE_MODULES = YES;
				CLANG_ENABLE_OBJC_ARC = YES;
				CLANG_WARN_BLOCK_CAPTURE_AUTORELEASING = YES;
				CLANG_WARN_BOOL_CONVERSION = YES;
				CLANG_WARN_COMMA = YES;
				CLANG_WARN_CONSTANT_CONVERSION = YES;
				CLANG_WARN_DIRECT_OBJC_ISA_USAGE = YES_ERROR;
				CLANG_WARN_DOCUMENTATION_COMMENTS = YES;
				CLANG_WARN_EMPTY_BODY = YES;
				CLANG_WARN_ENUM_CONVERSION = YES;
				CLANG_WARN_INFINITE_RECURSION = YES;
				CLANG_WARN_INT_CONVERSION = YES;
				CLANG_WARN_NON_LITERAL_NULL_CONVERSION = YES;
				CLANG_WARN_OBJC_LITERAL_CONVERSION = YES;
				CLANG_WARN_OBJC_ROOT_CLASS = YES_ERROR;
				CLANG_WARN_RANGE_LOOP_ANALYSIS = YES;
				CLANG_WARN_STRICT_PROTOTYPES = YES;
				CLANG_WARN_SUSPICIOUS_MOVE = YES;
				CLANG_WARN_UNGUARDED_AVAILABILITY = YES_AGGRESSIVE;
				CLANG_WARN_UNREACHABLE_CODE = YES;
				CLANG_WARN__DUPLICATE_METHOD_MATCH = YES;
				CODE_SIGN_IDENTITY = "iPhone Developer";
				COPY_PHASE_STRIP = NO;
				DEBUG_INFORMATION_FORMAT = dwarf;
				ENABLE_STRICT_OBJC_MSGSEND = YES;
				ENABLE_TESTABILITY = YES;
				GCC_C_LANGUAGE_STANDARD = gnu11;
				GCC_DYNAMIC_NO_PIC = NO;
				GCC_NO_COMMON_BLOCKS = YES;
				GCC_OPTIMIZATION_LEVEL = 0;
				GCC_PREPROCESSOR_DEFINITIONS = (
					"DEBUG=1",
					"$(inherited)",
				);
				GCC_WARN_64_TO_32_BIT_CONVERSION = YES;
				GCC_WARN_ABOUT_RETURN_TYPE = YES_ERROR;
				GCC_WARN_UNDECLARED_SELECTOR = YES;
				GCC_WARN_UNINITIALIZED_AUTOS = YES_AGGRESSIVE;
				GCC_WARN_UNUSED_FUNCTION = YES;
				GCC_WARN_UNUSED_VARIABLE = YES;
				IPHONEOS_DEPLOYMENT_TARGET = 11.0;
				MTL_ENABLE_DEBUG_INFO = YES;
				ONLY_ACTIVE_ARCH = YES;
				SDKROOT = iphoneos;
				SWIFT_ACTIVE_COMPILATION_CONDITIONS = DEBUG;
				SWIFT_OPTIMIZATION_LEVEL = "-Onone";
			};
			name = Debug;
		};
		DCBDBCFE1F9EB27B00CB509C /* Release */ = {
			isa = XCBuildConfiguration;
			buildSettings = {
				ALWAYS_SEARCH_USER_PATHS = NO;
				CLANG_ANALYZER_NONNULL = YES;
				CLANG_ANALYZER_NUMBER_OBJECT_CONVERSION = YES_AGGRESSIVE;
				CLANG_CXX_LANGUAGE_STANDARD = "gnu++14";
				CLANG_CXX_LIBRARY = "libc++";
				CLANG_ENABLE_MODULES = YES;
				CLANG_ENABLE_OBJC_ARC = YES;
				CLANG_WARN_BLOCK_CAPTURE_AUTORELEASING = YES;
				CLANG_WARN_BOOL_CONVERSION = YES;
				CLANG_WARN_COMMA = YES;
				CLANG_WARN_CONSTANT_CONVERSION = YES;
				CLANG_WARN_DIRECT_OBJC_ISA_USAGE = YES_ERROR;
				CLANG_WARN_DOCUMENTATION_COMMENTS = YES;
				CLANG_WARN_EMPTY_BODY = YES;
				CLANG_WARN_ENUM_CONVERSION = YES;
				CLANG_WARN_INFINITE_RECURSION = YES;
				CLANG_WARN_INT_CONVERSION = YES;
				CLANG_WARN_NON_LITERAL_NULL_CONVERSION = YES;
				CLANG_WARN_OBJC_LITERAL_CONVERSION = YES;
				CLANG_WARN_OBJC_ROOT_CLASS = YES_ERROR;
				CLANG_WARN_RANGE_LOOP_ANALYSIS = YES;
				CLANG_WARN_STRICT_PROTOTYPES = YES;
				CLANG_WARN_SUSPICIOUS_MOVE = YES;
				CLANG_WARN_UNGUARDED_AVAILABILITY = YES_AGGRESSIVE;
				CLANG_WARN_UNREACHABLE_CODE = YES;
				CLANG_WARN__DUPLICATE_METHOD_MATCH = YES;
				CODE_SIGN_IDENTITY = "iPhone Developer";
				COPY_PHASE_STRIP = NO;
				DEBUG_INFORMATION_FORMAT = "dwarf-with-dsym";
				ENABLE_NS_ASSERTIONS = NO;
				ENABLE_STRICT_OBJC_MSGSEND = YES;
				GCC_C_LANGUAGE_STANDARD = gnu11;
				GCC_NO_COMMON_BLOCKS = YES;
				GCC_WARN_64_TO_32_BIT_CONVERSION = YES;
				GCC_WARN_ABOUT_RETURN_TYPE = YES_ERROR;
				GCC_WARN_UNDECLARED_SELECTOR = YES;
				GCC_WARN_UNINITIALIZED_AUTOS = YES_AGGRESSIVE;
				GCC_WARN_UNUSED_FUNCTION = YES;
				GCC_WARN_UNUSED_VARIABLE = YES;
				IPHONEOS_DEPLOYMENT_TARGET = 11.0;
				MTL_ENABLE_DEBUG_INFO = NO;
				SDKROOT = iphoneos;
				SWIFT_OPTIMIZATION_LEVEL = "-Owholemodule";
				VALIDATE_PRODUCT = YES;
			};
			name = Release;
		};
		DCBDBD001F9EB27B00CB509C /* Debug */ = {
			isa = XCBuildConfiguration;
			buildSettings = {
				ASSETCATALOG_COMPILER_APPICON_NAME = AppIcon;
				CODE_SIGN_STYLE = Automatic;
				INFOPLIST_FILE = iOSMidterm/Info.plist;
				LD_RUNPATH_SEARCH_PATHS = "$(inherited) @executable_path/Frameworks";
				PRODUCT_BUNDLE_IDENTIFIER = ca.bcit.a00977201.iOSMidterm;
				PRODUCT_NAME = "$(TARGET_NAME)";
				SWIFT_VERSION = 4.0;
				TARGETED_DEVICE_FAMILY = "1,2";
			};
			name = Debug;
		};
		DCBDBD011F9EB27B00CB509C /* Release */ = {
			isa = XCBuildConfiguration;
			buildSettings = {
				ASSETCATALOG_COMPILER_APPICON_NAME = AppIcon;
				CODE_SIGN_STYLE = Automatic;
				INFOPLIST_FILE = iOSMidterm/Info.plist;
				LD_RUNPATH_SEARCH_PATHS = "$(inherited) @executable_path/Frameworks";
				PRODUCT_BUNDLE_IDENTIFIER = ca.bcit.a00977201.iOSMidterm;
				PRODUCT_NAME = "$(TARGET_NAME)";
				SWIFT_VERSION = 4.0;
				TARGETED_DEVICE_FAMILY = "1,2";
			};
			name = Release;
		};
		DCBDBD031F9EB27B00CB509C /* Debug */ = {
			isa = XCBuildConfiguration;
			buildSettings = {
				ALWAYS_EMBED_SWIFT_STANDARD_LIBRARIES = YES;
				BUNDLE_LOADER = "$(TEST_HOST)";
				CODE_SIGN_STYLE = Automatic;
				INFOPLIST_FILE = iOSMidtermTests/Info.plist;
				LD_RUNPATH_SEARCH_PATHS = "$(inherited) @executable_path/Frameworks @loader_path/Frameworks";
				PRODUCT_BUNDLE_IDENTIFIER = ca.bcit.a00977201.iOSMidtermTests;
				PRODUCT_NAME = "$(TARGET_NAME)";
				SWIFT_VERSION = 4.0;
				TARGETED_DEVICE_FAMILY = "1,2";
				TEST_HOST = "$(BUILT_PRODUCTS_DIR)/iOSMidterm.app/iOSMidterm";
			};
			name = Debug;
		};
		DCBDBD041F9EB27B00CB509C /* Release */ = {
			isa = XCBuildConfiguration;
			buildSettings = {
				ALWAYS_EMBED_SWIFT_STANDARD_LIBRARIES = YES;
				BUNDLE_LOADER = "$(TEST_HOST)";
				CODE_SIGN_STYLE = Automatic;
				INFOPLIST_FILE = iOSMidtermTests/Info.plist;
				LD_RUNPATH_SEARCH_PATHS = "$(inherited) @executable_path/Frameworks @loader_path/Frameworks";
				PRODUCT_BUNDLE_IDENTIFIER = ca.bcit.a00977201.iOSMidtermTests;
				PRODUCT_NAME = "$(TARGET_NAME)";
				SWIFT_VERSION = 4.0;
				TARGETED_DEVICE_FAMILY = "1,2";
				TEST_HOST = "$(BUILT_PRODUCTS_DIR)/iOSMidterm.app/iOSMidterm";
			};
			name = Release;
		};
		DCBDBD061F9EB27B00CB509C /* Debug */ = {
			isa = XCBuildConfiguration;
			buildSettings = {
				ALWAYS_EMBED_SWIFT_STANDARD_LIBRARIES = YES;
				CODE_SIGN_STYLE = Automatic;
				INFOPLIST_FILE = iOSMidtermUITests/Info.plist;
				LD_RUNPATH_SEARCH_PATHS = "$(inherited) @executable_path/Frameworks @loader_path/Frameworks";
				PRODUCT_BUNDLE_IDENTIFIER = ca.bcit.a00977201.iOSMidtermUITests;
				PRODUCT_NAME = "$(TARGET_NAME)";
				SWIFT_VERSION = 4.0;
				TARGETED_DEVICE_FAMILY = "1,2";
				TEST_TARGET_NAME = iOSMidterm;
			};
			name = Debug;
		};
		DCBDBD071F9EB27B00CB509C /* Release */ = {
			isa = XCBuildConfiguration;
			buildSettings = {
				ALWAYS_EMBED_SWIFT_STANDARD_LIBRARIES = YES;
				CODE_SIGN_STYLE = Automatic;
				INFOPLIST_FILE = iOSMidtermUITests/Info.plist;
				LD_RUNPATH_SEARCH_PATHS = "$(inherited) @executable_path/Frameworks @loader_path/Frameworks";
				PRODUCT_BUNDLE_IDENTIFIER = ca.bcit.a00977201.iOSMidtermUITests;
				PRODUCT_NAME = "$(TARGET_NAME)";
				SWIFT_VERSION = 4.0;
				TARGETED_DEVICE_FAMILY = "1,2";
				TEST_TARGET_NAME = iOSMidterm;
			};
			name = Release;
		};
/* End XCBuildConfiguration section */

/* Begin XCConfigurationList section */
		DCBDBCD01F9EB27B00CB509C /* Build configuration list for PBXProject "iOSMidterm" */ = {
			isa = XCConfigurationList;
			buildConfigurations = (
				DCBDBCFD1F9EB27B00CB509C /* Debug */,
				DCBDBCFE1F9EB27B00CB509C /* Release */,
			);
			defaultConfigurationIsVisible = 0;
			defaultConfigurationName = Release;
		};
		DCBDBCFF1F9EB27B00CB509C /* Build configuration list for PBXNativeTarget "iOSMidterm" */ = {
			isa = XCConfigurationList;
			buildConfigurations = (
				DCBDBD001F9EB27B00CB509C /* Debug */,
				DCBDBD011F9EB27B00CB509C /* Release */,
			);
			defaultConfigurationIsVisible = 0;
			defaultConfigurationName = Release;
		};
		DCBDBD021F9EB27B00CB509C /* Build configuration list for PBXNativeTarget "iOSMidtermTests" */ = {
			isa = XCConfigurationList;
			buildConfigurations = (
				DCBDBD031F9EB27B00CB509C /* Debug */,
				DCBDBD041F9EB27B00CB509C /* Release */,
			);
			defaultConfigurationIsVisible = 0;
			defaultConfigurationName = Release;
		};
		DCBDBD051F9EB27B00CB509C /* Build configuration list for PBXNativeTarget "iOSMidtermUITests" */ = {
			isa = XCConfigurationList;
			buildConfigurations = (
				DCBDBD061F9EB27B00CB509C /* Debug */,
				DCBDBD071F9EB27B00CB509C /* Release */,
			);
			defaultConfigurationIsVisible = 0;
			defaultConfigurationName = Release;
		};
/* End XCConfigurationList section */
	};
	rootObject = DCBDBCCD1F9EB27B00CB509C /* Project object */;
}
